
Microsoft Visual Studio Solution File, Format Version 12.00
# Visual Studio 2015
Project("{FAE04EC0-301F-11D3-BF4B-00C04F79EFBC}") = "Survival.CSharp.Plugins", "Survival.CSharp.Plugins.csproj", "{157924BA-FB99-80FE-30C9-21ACBC820B6A}"
EndProject
Project("{FAE04EC0-301F-11D3-BF4B-00C04F79EFBC}") = "Survival.CSharp", "Survival.CSharp.csproj", "{459DB6E1-DC03-1C2A-7906-03E36F9EEE23}"
EndProject
Project("{FAE04EC0-301F-11D3-BF4B-00C04F79EFBC}") = "Survival.CSharp.Editor", "Survival.CSharp.Editor.csproj", "{CBE256DF-2C71-69E3-7573-A153711219D4}"
EndProject
Global
	GlobalSection(SolutionConfigurationPlatforms) = preSolution
		Debug|Any CPU = Debug|Any CPU
		Release|Any CPU = Release|Any CPU
	EndGlobalSection
	GlobalSection(ProjectConfigurationPlatforms) = postSolution
		{157924BA-FB99-80FE-30C9-21ACBC820B6A}.Debug|Any CPU.ActiveCfg = Debug|Any CPU
		{157924BA-FB99-80FE-30C9-21ACBC820B6A}.Debug|Any CPU.Build.0 = Debug|Any CPU
		{157924BA-FB99-80FE-30C9-21ACBC820B6A}.Release|Any CPU.ActiveCfg = Release|Any CPU
		{157924BA-FB99-80FE-30C9-21ACBC820B6A}.Release|Any CPU.Build.0 = Release|Any CPU
		{459DB6E1-DC03-1C2A-7906-03E36F9EEE23}.Debug|Any CPU.ActiveCfg = Debug|Any CPU
		{459DB6E1-DC03-1C2A-7906-03E36F9EEE23}.Debug|Any CPU.Build.0 = Debug|Any CPU
		{459DB6E1-DC03-1C2A-7906-03E36F9EEE23}.Release|Any CPU.ActiveCfg = Release|Any CPU
		{459DB6E1-DC03-1C2A-7906-03E36F9EEE23}.Release|Any CPU.Build.0 = Release|Any CPU
		{CBE256DF-2C71-69E3-7573-A153711219D4}.Debug|Any CPU.ActiveCfg = Debug|Any CPU
		{CBE256DF-2C71-69E3-7573-A153711219D4}.Debug|Any CPU.Build.0 = Debug|Any CPU
		{CBE256DF-2C71-69E3-7573-A153711219D4}.Release|Any CPU.ActiveCfg = Release|Any CPU
		{CBE256DF-2C71-69E3-7573-A153711219D4}.Release|Any CPU.Build.0 = Release|Any CPU
	EndGlobalSection
	GlobalSection(SolutionProperties) = preSolution
		HideSolutionNode = FALSE
	EndGlobalSection
EndGlobal
